
Microsoft Visual Studio Solution File, Format Version 12.00
# Visual Studio Version 17
VisualStudioVersion = 17.14.36429.23 d17.14
MinimumVisualStudioVersion = 10.0.40219.1
Project("{FAE04EC0-301F-11D3-BF4B-00C04F79EFBC}") = "Vehicle-app", "Vehicle-app\Vehicle-app.csproj", "{67A3928B-B454-489D-AA5F-4F8D71AAE45A}"
EndProject
Global
	GlobalSection(SolutionConfigurationPlatforms) = preSolution
		Debug|Any CPU = Debug|Any CPU
		Release|Any CPU = Release|Any CPU
	EndGlobalSection
	GlobalSection(ProjectConfigurationPlatforms) = postSolution
		{67A3928B-B454-489D-AA5F-4F8D71AAE45A}.Debug|Any CPU.ActiveCfg = Debug|Any CPU
		{67A3928B-B454-489D-AA5F-4F8D71AAE45A}.Debug|Any CPU.Build.0 = Debug|Any CPU
		{67A3928B-B454-489D-AA5F-4F8D71AAE45A}.Release|Any CPU.ActiveCfg = Release|Any CPU
		{67A3928B-B454-489D-AA5F-4F8D71AAE45A}.Release|Any CPU.Build.0 = Release|Any CPU
	EndGlobalSection
	GlobalSection(SolutionProperties) = preSolution
		HideSolutionNode = FALSE
	EndGlobalSection
	GlobalSection(ExtensibilityGlobals) = postSolution
		SolutionGuid = {21332158-ADE0-44D0-BBF9-E2FC25067FAB}
	EndGlobalSection
EndGlobal
